// !$*UTF8*$!
{
	archiveVersion = 1;
	classes = {
	};
	objectVersion = 50;
	objects = {

/* Begin PBXBuildFile section */
		939AE0A623942F2C00EFEB49 /* String.swift in Sources */ = {isa = PBXBuildFile; fileRef = 939AE0A523942F2C00EFEB49 /* String.swift */; };
		93CA6A5C2392D9460024EBDD /* AppDelegate.swift in Sources */ = {isa = PBXBuildFile; fileRef = 93CA6A5B2392D9460024EBDD /* AppDelegate.swift */; };
		93CA6A5E2392D9460024EBDD /* SceneDelegate.swift in Sources */ = {isa = PBXBuildFile; fileRef = 93CA6A5D2392D9460024EBDD /* SceneDelegate.swift */; };
		93CA6A602392D9460024EBDD /* GameViewController.swift in Sources */ = {isa = PBXBuildFile; fileRef = 93CA6A5F2392D9460024EBDD /* GameViewController.swift */; };
		93CA6A632392D9460024EBDD /* Main.storyboard in Resources */ = {isa = PBXBuildFile; fileRef = 93CA6A612392D9460024EBDD /* Main.storyboard */; };
		93CA6A652392D94F0024EBDD /* Assets.xcassets in Resources */ = {isa = PBXBuildFile; fileRef = 93CA6A642392D94F0024EBDD /* Assets.xcassets */; };
		93CA6A682392D94F0024EBDD /* LaunchScreen.storyboard in Resources */ = {isa = PBXBuildFile; fileRef = 93CA6A662392D94F0024EBDD /* LaunchScreen.storyboard */; };
		93CA6A732392D94F0024EBDD /* Add_1Tests.swift in Sources */ = {isa = PBXBuildFile; fileRef = 93CA6A722392D94F0024EBDD /* Add_1Tests.swift */; };
		93CA6A7E2392D94F0024EBDD /* Add_1UITests.swift in Sources */ = {isa = PBXBuildFile; fileRef = 93CA6A7D2392D94F0024EBDD /* Add_1UITests.swift */; };
		93CA6A8C2392FD760024EBDD /* HVD_Comic_Serif_Pro.otf in Resources */ = {isa = PBXBuildFile; fileRef = 93CA6A8B2392FD760024EBDD /* HVD_Comic_Serif_Pro.otf */; };
/* End PBXBuildFile section */

/* Begin PBXContainerItemProxy section */
		93CA6A6F2392D94F0024EBDD /* PBXContainerItemProxy */ = {
			isa = PBXContainerItemProxy;
			containerPortal = 93CA6A502392D9460024EBDD /* Project object */;
			proxyType = 1;
			remoteGlobalIDString = 93CA6A572392D9460024EBDD;
			remoteInfo = "Add 1";
		};
		93CA6A7A2392D94F0024EBDD /* PBXContainerItemProxy */ = {
			isa = PBXContainerItemProxy;
			containerPortal = 93CA6A502392D9460024EBDD /* Project object */;
			proxyType = 1;
			remoteGlobalIDString = 93CA6A572392D9460024EBDD;
			remoteInfo = "Add 1";
		};
/* End PBXContainerItemProxy section */

/* Begin PBXFileReference section */
		939AE0A523942F2C00EFEB49 /* String.swift */ = {isa = PBXFileReference; lastKnownFileType = sourcecode.swift; path = String.swift; sourceTree = "<group>"; };
		93CA6A582392D9460024EBDD /* Add 1.app */ = {isa = PBXFileReference; explicitFileType = wrapper.application; includeInIndex = 0; path = "Add 1.app"; sourceTree = BUILT_PRODUCTS_DIR; };
		93CA6A5B2392D9460024EBDD /* AppDelegate.swift */ = {isa = PBXFileReference; lastKnownFileType = sourcecode.swift; path = AppDelegate.swift; sourceTree = "<group>"; };
		93CA6A5D2392D9460024EBDD /* SceneDelegate.swift */ = {isa = PBXFileReference; lastKnownFileType = sourcecode.swift; path = SceneDelegate.swift; sourceTree = "<group>"; };
		93CA6A5F2392D9460024EBDD /* GameViewController.swift */ = {isa = PBXFileReference; lastKnownFileType = sourcecode.swift; path = GameViewController.swift; sourceTree = "<group>"; };
		93CA6A622392D9460024EBDD /* Base */ = {isa = PBXFileReference; lastKnownFileType = file.storyboard; name = Base; path = Base.lproj/Main.storyboard; sourceTree = "<group>"; };
		93CA6A642392D94F0024EBDD /* Assets.xcassets */ = {isa = PBXFileReference; lastKnownFileType = folder.assetcatalog; path = Assets.xcassets; sourceTree = "<group>"; };
		93CA6A672392D94F0024EBDD /* Base */ = {isa = PBXFileReference; lastKnownFileType = file.storyboard; name = Base; path = Base.lproj/LaunchScreen.storyboard; sourceTree = "<group>"; };
		93CA6A692392D94F0024EBDD /* Info.plist */ = {isa = PBXFileReference; lastKnownFileType = text.plist.xml; path = Info.plist; sourceTree = "<group>"; };
		93CA6A6E2392D94F0024EBDD /* Add 1Tests.xctest */ = {isa = PBXFileReference; explicitFileType = wrapper.cfbundle; includeInIndex = 0; path = "Add 1Tests.xctest"; sourceTree = BUILT_PRODUCTS_DIR; };
		93CA6A722392D94F0024EBDD /* Add_1Tests.swift */ = {isa = PBXFileReference; lastKnownFileType = sourcecode.swift; path = Add_1Tests.swift; sourceTree = "<group>"; };
		93CA6A742392D94F0024EBDD /* Info.plist */ = {isa = PBXFileReference; lastKnownFileType = text.plist.xml; path = Info.plist; sourceTree = "<group>"; };
		93CA6A792392D94F0024EBDD /* Add 1UITests.xctest */ = {isa = PBXFileReference; explicitFileType = wrapper.cfbundle; includeInIndex = 0; path = "Add 1UITests.xctest"; sourceTree = BUILT_PRODUCTS_DIR; };
		93CA6A7D2392D94F0024EBDD /* Add_1UITests.swift */ = {isa = PBXFileReference; lastKnownFileType = sourcecode.swift; path = Add_1UITests.swift; sourceTree = "<group>"; };
		93CA6A7F2392D94F0024EBDD /* Info.plist */ = {isa = PBXFileReference; lastKnownFileType = text.plist.xml; path = Info.plist; sourceTree = "<group>"; };
		93CA6A8B2392FD760024EBDD /* HVD_Comic_Serif_Pro.otf */ = {isa = PBXFileReference; lastKnownFileType = file; name = HVD_Comic_Serif_Pro.otf; path = "../../../iosstuff/HVD-Comic-Serif-Pro/HVD_Comic_Serif_Pro.otf"; sourceTree = "<group>"; };
/* End PBXFileReference section */

/* Begin PBXFrameworksBuildPhase section */
		93CA6A552392D9460024EBDD /* Frameworks */ = {
			isa = PBXFrameworksBuildPhase;
			buildActionMask = 2147483647;
			files = (
			);
			runOnlyForDeploymentPostprocessing = 0;
		};
		93CA6A6B2392D94F0024EBDD /* Frameworks */ = {
			isa = PBXFrameworksBuildPhase;
			buildActionMask = 2147483647;
			files = (
			);
			runOnlyForDeploymentPostprocessing = 0;
		};
		93CA6A762392D94F0024EBDD /* Frameworks */ = {
			isa = PBXFrameworksBuildPhase;
			buildActionMask = 2147483647;
			files = (
			);
			runOnlyForDeploymentPostprocessing = 0;
		};
/* End PBXFrameworksBuildPhase section */

/* Begin PBXGroup section */
		93CA6A4F2392D9460024EBDD = {
			isa = PBXGroup;
			children = (
				93CA6A5A2392D9460024EBDD /* Add 1 */,
				93CA6A712392D94F0024EBDD /* Add 1Tests */,
				93CA6A7C2392D94F0024EBDD /* Add 1UITests */,
				93CA6A592392D9460024EBDD /* Products */,
			);
			sourceTree = "<group>";
		};
		93CA6A592392D9460024EBDD /* Products */ = {
			isa = PBXGroup;
			children = (
				93CA6A582392D9460024EBDD /* Add 1.app */,
				93CA6A6E2392D94F0024EBDD /* Add 1Tests.xctest */,
				93CA6A792392D94F0024EBDD /* Add 1UITests.xctest */,
			);
			name = Products;
			sourceTree = "<group>";
		};
		93CA6A5A2392D9460024EBDD /* Add 1 */ = {
			isa = PBXGroup;
			children = (
				93CA6A5B2392D9460024EBDD /* AppDelegate.swift */,
				93CA6A5D2392D9460024EBDD /* SceneDelegate.swift */,
				93CA6A5F2392D9460024EBDD /* GameViewController.swift */,
				93CA6A612392D9460024EBDD /* Main.storyboard */,
				93CA6A642392D94F0024EBDD /* Assets.xcassets */,
				93CA6A662392D94F0024EBDD /* LaunchScreen.storyboard */,
				93CA6A692392D94F0024EBDD /* Info.plist */,
				93CA6A8B2392FD760024EBDD /* HVD_Comic_Serif_Pro.otf */,
				939AE0A523942F2C00EFEB49 /* String.swift */,
			);
			path = "Add 1";
			sourceTree = "<group>";
		};
		93CA6A712392D94F0024EBDD /* Add 1Tests */ = {
			isa = PBXGroup;
			children = (
				93CA6A722392D94F0024EBDD /* Add_1Tests.swift */,
				93CA6A742392D94F0024EBDD /* Info.plist */,
			);
			path = "Add 1Tests";
			sourceTree = "<group>";
		};
		93CA6A7C2392D94F0024EBDD /* Add 1UITests */ = {
			isa = PBXGroup;
			children = (
				93CA6A7D2392D94F0024EBDD /* Add_1UITests.swift */,
				93CA6A7F2392D94F0024EBDD /* Info.plist */,
			);
			path = "Add 1UITests";
			sourceTree = "<group>";
		};
/* End PBXGroup section */

/* Begin PBXNativeTarget section */
		93CA6A572392D9460024EBDD /* Add 1 */ = {
			isa = PBXNativeTarget;
			buildConfigurationList = 93CA6A822392D94F0024EBDD /* Build configuration list for PBXNativeTarget "Add 1" */;
			buildPhases = (
				93CA6A542392D9460024EBDD /* Sources */,
				93CA6A552392D9460024EBDD /* Frameworks */,
				93CA6A562392D9460024EBDD /* Resources */,
			);
			buildRules = (
			);
			dependencies = (
			);
			name = "Add 1";
			productName = "Add 1";
			productReference = 93CA6A582392D9460024EBDD /* Add 1.app */;
			productType = "com.apple.product-type.application";
		};
		93CA6A6D2392D94F0024EBDD /* Add 1Tests */ = {
			isa = PBXNativeTarget;
			buildConfigurationList = 93CA6A852392D94F0024EBDD /* Build configuration list for PBXNativeTarget "Add 1Tests" */;
			buildPhases = (
				93CA6A6A2392D94F0024EBDD /* Sources */,
				93CA6A6B2392D94F0024EBDD /* Frameworks */,
				93CA6A6C2392D94F0024EBDD /* Resources */,
			);
			buildRules = (
			);
			dependencies = (
				93CA6A702392D94F0024EBDD /* PBXTargetDependency */,
			);
			name = "Add 1Tests";
			productName = "Add 1Tests";
			productReference = 93CA6A6E2392D94F0024EBDD /* Add 1Tests.xctest */;
			productType = "com.apple.product-type.bundle.unit-test";
		};
		93CA6A782392D94F0024EBDD /* Add 1UITests */ = {
			isa = PBXNativeTarget;
			buildConfigurationList = 93CA6A882392D94F0024EBDD /* Build configuration list for PBXNativeTarget "Add 1UITests" */;
			buildPhases = (
				93CA6A752392D94F0024EBDD /* Sources */,
				93CA6A762392D94F0024EBDD /* Frameworks */,
				93CA6A772392D94F0024EBDD /* Resources */,
			);
			buildRules = (
			);
			dependencies = (
				93CA6A7B2392D94F0024EBDD /* PBXTargetDependency */,
			);
			name = "Add 1UITests";
			productName = "Add 1UITests";
			productReference = 93CA6A792392D94F0024EBDD /* Add 1UITests.xctest */;
			productType = "com.apple.product-type.bundle.ui-testing";
		};
/* End PBXNativeTarget section */

/* Begin PBXProject section */
		93CA6A502392D9460024EBDD /* Project object */ = {
			isa = PBXProject;
			attributes = {
				LastSwiftUpdateCheck = 1120;
				LastUpgradeCheck = 1120;
				ORGANIZATIONNAME = pacopedraza;
				TargetAttributes = {
					93CA6A572392D9460024EBDD = {
						CreatedOnToolsVersion = 11.2.1;
					};
					93CA6A6D2392D94F0024EBDD = {
						CreatedOnToolsVersion = 11.2.1;
						TestTargetID = 93CA6A572392D9460024EBDD;
					};
					93CA6A782392D94F0024EBDD = {
						CreatedOnToolsVersion = 11.2.1;
						TestTargetID = 93CA6A572392D9460024EBDD;
					};
				};
			};
			buildConfigurationList = 93CA6A532392D9460024EBDD /* Build configuration list for PBXProject "Add 1" */;
			compatibilityVersion = "Xcode 9.3";
			developmentRegion = en;
			hasScannedForEncodings = 0;
			knownRegions = (
				en,
				Base,
			);
			mainGroup = 93CA6A4F2392D9460024EBDD;
			productRefGroup = 93CA6A592392D9460024EBDD /* Products */;
			projectDirPath = "";
			projectRoot = "";
			targets = (
				93CA6A572392D9460024EBDD /* Add 1 */,
				93CA6A6D2392D94F0024EBDD /* Add 1Tests */,
				93CA6A782392D94F0024EBDD /* Add 1UITests */,
			);
		};
/* End PBXProject section */

/* Begin PBXResourcesBuildPhase section */
		93CA6A562392D9460024EBDD /* Resources */ = {
			isa = PBXResourcesBuildPhase;
			buildActionMask = 2147483647;
			files = (
				93CA6A682392D94F0024EBDD /* LaunchScreen.storyboard in Resources */,
				93CA6A652392D94F0024EBDD /* Assets.xcassets in Resources */,
				93CA6A8C2392FD760024EBDD /* HVD_Comic_Serif_Pro.otf in Resources */,
				93CA6A632392D9460024EBDD /* Main.storyboard in Resources */,
			);
			runOnlyForDeploymentPostprocessing = 0;
		};
		93CA6A6C2392D94F0024EBDD /* Resources */ = {
			isa = PBXResourcesBuildPhase;
			buildActionMask = 2147483647;
			files = (
			);
			runOnlyForDeploymentPostprocessing = 0;
		};
		93CA6A772392D94F0024EBDD /* Resources */ = {
			isa = PBXResourcesBuildPhase;
			buildActionMask = 2147483647;
			files = (
			);
			runOnlyForDeploymentPostprocessing = 0;
		};
/* End PBXResourcesBuildPhase section */

/* Begin PBXSourcesBuildPhase section */
		93CA6A542392D9460024EBDD /* Sources */ = {
			isa = PBXSourcesBuildPhase;
			buildActionMask = 2147483647;
			files = (
				93CA6A602392D9460024EBDD /* GameViewController.swift in Sources */,
				93CA6A5C2392D9460024EBDD /* AppDelegate.swift in Sources */,
				939AE0A623942F2C00EFEB49 /* String.swift in Sources */,
				93CA6A5E2392D9460024EBDD /* SceneDelegate.swift in Sources */,
			);
			runOnlyForDeploymentPostprocessing = 0;
		};
		93CA6A6A2392D94F0024EBDD /* Sources */ = {
			isa = PBXSourcesBuildPhase;
			buildActionMask = 2147483647;
			files = (
				93CA6A732392D94F0024EBDD /* Add_1Tests.swift in Sources */,
			);
			runOnlyForDeploymentPostprocessing = 0;
		};
		93CA6A752392D94F0024EBDD /* Sources */ = {
			isa = PBXSourcesBuildPhase;
			buildActionMask = 2147483647;
			files = (
				93CA6A7E2392D94F0024EBDD /* Add_1UITests.swift in Sources */,
			);
			runOnlyForDeploymentPostprocessing = 0;
		};
/* End PBXSourcesBuildPhase section */

/* Begin PBXTargetDependency section */
		93CA6A702392D94F0024EBDD /* PBXTargetDependency */ = {
			isa = PBXTargetDependency;
			target = 93CA6A572392D9460024EBDD /* Add 1 */;
			targetProxy = 93CA6A6F2392D94F0024EBDD /* PBXContainerItemProxy */;
		};
		93CA6A7B2392D94F0024EBDD /* PBXTargetDependency */ = {
			isa = PBXTargetDependency;
			target = 93CA6A572392D9460024EBDD /* Add 1 */;
			targetProxy = 93CA6A7A2392D94F0024EBDD /* PBXContainerItemProxy */;
		};
/* End PBXTargetDependency section */

/* Begin PBXVariantGroup section */
		93CA6A612392D9460024EBDD /* Main.storyboard */ = {
			isa = PBXVariantGroup;
			children = (
				93CA6A622392D9460024EBDD /* Base */,
			);
			name = Main.storyboard;
			sourceTree = "<group>";
		};
		93CA6A662392D94F0024EBDD /* LaunchScreen.storyboard */ = {
			isa = PBXVariantGroup;
			children = (
				93CA6A672392D94F0024EBDD /* Base */,
			);
			name = LaunchScreen.storyboard;
			sourceTree = "<group>";
		};
/* End PBXVariantGroup section */

/* Begin XCBuildConfiguration section */
		93CA6A802392D94F0024EBDD /* Debug */ = {
			isa = XCBuildConfiguration;
			buildSettings = {
				ALWAYS_SEARCH_USER_PATHS = NO;
				CLANG_ANALYZER_NONNULL = YES;
				CLANG_ANALYZER_NUMBER_OBJECT_CONVERSION = YES_AGGRESSIVE;
				CLANG_CXX_LANGUAGE_STANDARD = "gnu++14";
				CLANG_CXX_LIBRARY = "libc++";
				CLANG_ENABLE_MODULES = YES;
				CLANG_ENABLE_OBJC_ARC = YES;
				CLANG_ENABLE_OBJC_WEAK = YES;
				CLANG_WARN_BLOCK_CAPTURE_AUTORELEASING = YES;
				CLANG_WARN_BOOL_CONVERSION = YES;
				CLANG_WARN_COMMA = YES;
				CLANG_WARN_CONSTANT_CONVERSION = YES;
				CLANG_WARN_DEPRECATED_OBJC_IMPLEMENTATIONS = YES;
				CLANG_WARN_DIRECT_OBJC_ISA_USAGE = YES_ERROR;
				CLANG_WARN_DOCUMENTATION_COMMENTS = YES;
				CLANG_WARN_EMPTY_BODY = YES;
				CLANG_WARN_ENUM_CONVERSION = YES;
				CLANG_WARN_INFINITE_RECURSION = YES;
				CLANG_WARN_INT_CONVERSION = YES;
				CLANG_WARN_NON_LITERAL_NULL_CONVERSION = YES;
				CLANG_WARN_OBJC_IMPLICIT_RETAIN_SELF = YES;
				CLANG_WARN_OBJC_LITERAL_CONVERSION = YES;
				CLANG_WARN_OBJC_ROOT_CLASS = YES_ERROR;
				CLANG_WARN_RANGE_LOOP_ANALYSIS = YES;
				CLANG_WARN_STRICT_PROTOTYPES = YES;
				CLANG_WARN_SUSPICIOUS_MOVE = YES;
				CLANG_WARN_UNGUARDED_AVAILABILITY = YES_AGGRESSIVE;
				CLANG_WARN_UNREACHABLE_CODE = YES;
				CLANG_WARN__DUPLICATE_METHOD_MATCH = YES;
				COPY_PHASE_STRIP = NO;
				DEBUG_INFORMATION_FORMAT = dwarf;
				ENABLE_STRICT_OBJC_MSGSEND = YES;
				ENABLE_TESTABILITY = YES;
				GCC_C_LANGUAGE_STANDARD = gnu11;
				GCC_DYNAMIC_NO_PIC = NO;
				GCC_NO_COMMON_BLOCKS = YES;
				GCC_OPTIMIZATION_LEVEL = 0;
				GCC_PREPROCESSOR_DEFINITIONS = (
					"DEBUG=1",
					"$(inherited)",
				);
				GCC_WARN_64_TO_32_BIT_CONVERSION = YES;
				GCC_WARN_ABOUT_RETURN_TYPE = YES_ERROR;
				GCC_WARN_UNDECLARED_SELECTOR = YES;
				GCC_WARN_UNINITIALIZED_AUTOS = YES_AGGRESSIVE;
				GCC_WARN_UNUSED_FUNCTION = YES;
				GCC_WARN_UNUSED_VARIABLE = YES;
				IPHONEOS_DEPLOYMENT_TARGET = 13.2;
				MTL_ENABLE_DEBUG_INFO = INCLUDE_SOURCE;
				MTL_FAST_MATH = YES;
				ONLY_ACTIVE_ARCH = YES;
				SDKROOT = iphoneos;
				SWIFT_ACTIVE_COMPILATION_CONDITIONS = DEBUG;
				SWIFT_OPTIMIZATION_LEVEL = "-Onone";
			};
			name = Debug;
		};
		93CA6A812392D94F0024EBDD /* Release */ = {
			isa = XCBuildConfiguration;
			buildSettings = {
				ALWAYS_SEARCH_USER_PATHS = NO;
				CLANG_ANALYZER_NONNULL = YES;
				CLANG_ANALYZER_NUMBER_OBJECT_CONVERSION = YES_AGGRESSIVE;
				CLANG_CXX_LANGUAGE_STANDARD = "gnu++14";
				CLANG_CXX_LIBRARY = "libc++";
				CLANG_ENABLE_MODULES = YES;
				CLANG_ENABLE_OBJC_ARC = YES;
				CLANG_ENABLE_OBJC_WEAK = YES;
				CLANG_WARN_BLOCK_CAPTURE_AUTORELEASING = YES;
				CLANG_WARN_BOOL_CONVERSION = YES;
				CLANG_WARN_COMMA = YES;
				CLANG_WARN_CONSTANT_CONVERSION = YES;
				CLANG_WARN_DEPRECATED_OBJC_IMPLEMENTATIONS = YES;
				CLANG_WARN_DIRECT_OBJC_ISA_USAGE = YES_ERROR;
				CLANG_WARN_DOCUMENTATION_COMMENTS = YES;
				CLANG_WARN_EMPTY_BODY = YES;
				CLANG_WARN_ENUM_CONVERSION = YES;
				CLANG_WARN_INFINITE_RECURSION = YES;
				CLANG_WARN_INT_CONVERSION = YES;
				CLANG_WARN_NON_LITERAL_NULL_CONVERSION = YES;
				CLANG_WARN_OBJC_IMPLICIT_RETAIN_SELF = YES;
				CLANG_WARN_OBJC_LITERAL_CONVERSION = YES;
				CLANG_WARN_OBJC_ROOT_CLASS = YES_ERROR;
				CLANG_WARN_RANGE_LOOP_ANALYSIS = YES;
				CLANG_WARN_STRICT_PROTOTYPES = YES;
				CLANG_WARN_SUSPICIOUS_MOVE = YES;
				CLANG_WARN_UNGUARDED_AVAILABILITY = YES_AGGRESSIVE;
				CLANG_WARN_UNREACHABLE_CODE = YES;
				CLANG_WARN__DUPLICATE_METHOD_MATCH = YES;
				COPY_PHASE_STRIP = NO;
				DEBUG_INFORMATION_FORMAT = "dwarf-with-dsym";
				ENABLE_NS_ASSERTIONS = NO;
				ENABLE_STRICT_OBJC_MSGSEND = YES;
				GCC_C_LANGUAGE_STANDARD = gnu11;
				GCC_NO_COMMON_BLOCKS = YES;
				GCC_WARN_64_TO_32_BIT_CONVERSION = YES;
				GCC_WARN_ABOUT_RETURN_TYPE = YES_ERROR;
				GCC_WARN_UNDECLARED_SELECTOR = YES;
				GCC_WARN_UNINITIALIZED_AUTOS = YES_AGGRESSIVE;
				GCC_WARN_UNUSED_FUNCTION = YES;
				GCC_WARN_UNUSED_VARIABLE = YES;
				IPHONEOS_DEPLOYMENT_TARGET = 13.2;
				MTL_ENABLE_DEBUG_INFO = NO;
				MTL_FAST_MATH = YES;
				SDKROOT = iphoneos;
				SWIFT_COMPILATION_MODE = wholemodule;
				SWIFT_OPTIMIZATION_LEVEL = "-O";
				VALIDATE_PRODUCT = YES;
			};
			name = Release;
		};
		93CA6A832392D94F0024EBDD /* Debug */ = {
			isa = XCBuildConfiguration;
			buildSettings = {
				ASSETCATALOG_COMPILER_APPICON_NAME = AppIcon;
				CODE_SIGN_STYLE = Automatic;
				INFOPLIST_FILE = "Add 1/Info.plist";
				LD_RUNPATH_SEARCH_PATHS = (
					"$(inherited)",
					"@executable_path/Frameworks",
				);
				PRODUCT_BUNDLE_IDENTIFIER = "com.pacopedraza.Add-1";
				PRODUCT_NAME = "$(TARGET_NAME)";
				SWIFT_VERSION = 5.0;
				TARGETED_DEVICE_FAMILY = "1,2";
			};
			name = Debug;
		};
		93CA6A842392D94F0024EBDD /* Release */ = {
			isa = XCBuildConfiguration;
			buildSettings = {
				ASSETCATALOG_COMPILER_APPICON_NAME = AppIcon;
				CODE_SIGN_STYLE = Automatic;
				INFOPLIST_FILE = "Add 1/Info.plist";
				LD_RUNPATH_SEARCH_PATHS = (
					"$(inherited)",
					"@executable_path/Frameworks",
				);
				PRODUCT_BUNDLE_IDENTIFIER = "com.pacopedraza.Add-1";
				PRODUCT_NAME = "$(TARGET_NAME)";
				SWIFT_VERSION = 5.0;
				TARGETED_DEVICE_FAMILY = "1,2";
			};
			name = Release;
		};
		93CA6A862392D94F0024EBDD /* Debug */ = {
			isa = XCBuildConfiguration;
			buildSettings = {
				ALWAYS_EMBED_SWIFT_STANDARD_LIBRARIES = YES;
				BUNDLE_LOADER = "$(TEST_HOST)";
				CODE_SIGN_STYLE = Automatic;
				INFOPLIST_FILE = "Add 1Tests/Info.plist";
				IPHONEOS_DEPLOYMENT_TARGET = 13.2;
				LD_RUNPATH_SEARCH_PATHS = (
					"$(inherited)",
					"@executable_path/Frameworks",
					"@loader_path/Frameworks",
				);
				PRODUCT_BUNDLE_IDENTIFIER = "com.pacopedraza.Add-1Tests";
				PRODUCT_NAME = "$(TARGET_NAME)";
				SWIFT_VERSION = 5.0;
				TARGETED_DEVICE_FAMILY = "1,2";
				TEST_HOST = "$(BUILT_PRODUCTS_DIR)/Add 1.app/Add 1";
			};
			name = Debug;
		};
		93CA6A872392D94F0024EBDD /* Release */ = {
			isa = XCBuildConfiguration;
			buildSettings = {
				ALWAYS_EMBED_SWIFT_STANDARD_LIBRARIES = YES;
				BUNDLE_LOADER = "$(TEST_HOST)";
				CODE_SIGN_STYLE = Automatic;
				INFOPLIST_FILE = "Add 1Tests/Info.plist";
				IPHONEOS_DEPLOYMENT_TARGET = 13.2;
				LD_RUNPATH_SEARCH_PATHS = (
					"$(inherited)",
					"@executable_path/Frameworks",
					"@loader_path/Frameworks",
				);
				PRODUCT_BUNDLE_IDENTIFIER = "com.pacopedraza.Add-1Tests";
				PRODUCT_NAME = "$(TARGET_NAME)";
				SWIFT_VERSION = 5.0;
				TARGETED_DEVICE_FAMILY = "1,2";
				TEST_HOST = "$(BUILT_PRODUCTS_DIR)/Add 1.app/Add 1";
			};
			name = Release;
		};
		93CA6A892392D94F0024EBDD /* Debug */ = {
			isa = XCBuildConfiguration;
			buildSettings = {
				ALWAYS_EMBED_SWIFT_STANDARD_LIBRARIES = YES;
				CODE_SIGN_STYLE = Automatic;
				INFOPLIST_FILE = "Add 1UITests/Info.plist";
				LD_RUNPATH_SEARCH_PATHS = (
					"$(inherited)",
					"@executable_path/Frameworks",
					"@loader_path/Frameworks",
				);
				PRODUCT_BUNDLE_IDENTIFIER = "com.pacopedraza.Add-1UITests";
				PRODUCT_NAME = "$(TARGET_NAME)";
				SWIFT_VERSION = 5.0;
				TARGETED_DEVICE_FAMILY = "1,2";
				TEST_TARGET_NAME = "Add 1";
			};
			name = Debug;
		};
		93CA6A8A2392D94F0024EBDD /* Release */ = {
			isa = XCBuildConfiguration;
			buildSettings = {
				ALWAYS_EMBED_SWIFT_STANDARD_LIBRARIES = YES;
				CODE_SIGN_STYLE = Automatic;
				INFOPLIST_FILE = "Add 1UITests/Info.plist";
				LD_RUNPATH_SEARCH_PATHS = (
					"$(inherited)",
					"@executable_path/Frameworks",
					"@loader_path/Frameworks",
				);
				PRODUCT_BUNDLE_IDENTIFIER = "com.pacopedraza.Add-1UITests";
				PRODUCT_NAME = "$(TARGET_NAME)";
				SWIFT_VERSION = 5.0;
				TARGETED_DEVICE_FAMILY = "1,2";
				TEST_TARGET_NAME = "Add 1";
			};
			name = Release;
		};
/* End XCBuildConfiguration section */

/* Begin XCConfigurationList section */
		93CA6A532392D9460024EBDD /* Build configuration list for PBXProject "Add 1" */ = {
			isa = XCConfigurationList;
			buildConfigurations = (
				93CA6A802392D94F0024EBDD /* Debug */,
				93CA6A812392D94F0024EBDD /* Release */,
			);
			defaultConfigurationIsVisible = 0;
			defaultConfigurationName = Release;
		};
		93CA6A822392D94F0024EBDD /* Build configuration list for PBXNativeTarget "Add 1" */ = {
			isa = XCConfigurationList;
			buildConfigurations = (
				93CA6A832392D94F0024EBDD /* Debug */,
				93CA6A842392D94F0024EBDD /* Release */,
			);
			defaultConfigurationIsVisible = 0;
			defaultConfigurationName = Release;
		};
		93CA6A852392D94F0024EBDD /* Build configuration list for PBXNativeTarget "Add 1Tests" */ = {
			isa = XCConfigurationList;
			buildConfigurations = (
				93CA6A862392D94F0024EBDD /* Debug */,
				93CA6A872392D94F0024EBDD /* Release */,
			);
			defaultConfigurationIsVisible = 0;
			defaultConfigurationName = Release;
		};
		93CA6A882392D94F0024EBDD /* Build configuration list for PBXNativeTarget "Add 1UITests" */ = {
			isa = XCConfigurationList;
			buildConfigurations = (
				93CA6A892392D94F0024EBDD /* Debug */,
				93CA6A8A2392D94F0024EBDD /* Release */,
			);
			defaultConfigurationIsVisible = 0;
			defaultConfigurationName = Release;
		};
/* End XCConfigurationList section */
	};
	rootObject = 93CA6A502392D9460024EBDD /* Project object */;
}
